
Microsoft Visual Studio Solution File, Format Version 12.00
# Visual Studio Version 16
VisualStudioVersion = 16.0.29009.5
MinimumVisualStudioVersion = 10.0.40219.1
Project("{FAE04EC0-301F-11D3-BF4B-00C04F79EFBC}") = "ReadAppsettingsValues", "ReadAppsettingsValues\ReadAppsettingsValues.csproj", "{1F0B37B8-7D31-4E09-A5F3-5C126C47E64C}"
EndProject
Global
	GlobalSection(SolutionConfigurationPlatforms) = preSolution
		Debug|Any CPU = Debug|Any CPU
		Release|Any CPU = Release|Any CPU
	EndGlobalSection
	GlobalSection(ProjectConfigurationPlatforms) = postSolution
		{1F0B37B8-7D31-4E09-A5F3-5C126C47E64C}.Debug|Any CPU.ActiveCfg = Debug|Any CPU
		{1F0B37B8-7D31-4E09-A5F3-5C126C47E64C}.Debug|Any CPU.Build.0 = Debug|Any CPU
		{1F0B37B8-7D31-4E09-A5F3-5C126C47E64C}.Release|Any CPU.ActiveCfg = Release|Any CPU
		{1F0B37B8-7D31-4E09-A5F3-5C126C47E64C}.Release|Any CPU.Build.0 = Release|Any CPU
	EndGlobalSection
	GlobalSection(SolutionProperties) = preSolution
		HideSolutionNode = FALSE
	EndGlobalSection
	GlobalSection(ExtensibilityGlobals) = postSolution
		SolutionGuid = {C9190FF7-8031-4E0F-8264-2F2A5FD1894A}
	EndGlobalSection
EndGlobal
